// !$*UTF8*$!
{
	archiveVersion = 1;
	classes = {
	};
	objectVersion = 60;
	objects = {

/* Begin PBXBuildFile section */
		76C46D992C27F01B00749347 /* RealityKitContent in Frameworks */ = {isa = PBXBuildFile; productRef = 76C46D982C27F01B00749347 /* RealityKitContent */; };
		76C46D9B2C27F01B00749347 /* TicCatDogeApp.swift in Sources */ = {isa = PBXBuildFile; fileRef = 76C46D9A2C27F01B00749347 /* TicCatDogeApp.swift */; };
		76C46D9D2C27F01B00749347 /* ContentView.swift in Sources */ = {isa = PBXBuildFile; fileRef = 76C46D9C2C27F01B00749347 /* ContentView.swift */; };
		76C46D9F2C27F01B00749347 /* AppModel.swift in Sources */ = {isa = PBXBuildFile; fileRef = 76C46D9E2C27F01B00749347 /* AppModel.swift */; };
		76C46DA12C27F01B00749347 /* ToggleImmersiveSpaceButton.swift in Sources */ = {isa = PBXBuildFile; fileRef = 76C46DA02C27F01B00749347 /* ToggleImmersiveSpaceButton.swift */; };
		76C46DA32C27F01B00749347 /* ImmersiveView.swift in Sources */ = {isa = PBXBuildFile; fileRef = 76C46DA22C27F01B00749347 /* ImmersiveView.swift */; };
		76C46DA52C27F01D00749347 /* Assets.xcassets in Resources */ = {isa = PBXBuildFile; fileRef = 76C46DA42C27F01D00749347 /* Assets.xcassets */; };
		76C46DA82C27F01D00749347 /* Preview Assets.xcassets in Resources */ = {isa = PBXBuildFile; fileRef = 76C46DA72C27F01D00749347 /* Preview Assets.xcassets */; };
		76C46DB32C27F01D00749347 /* TicCatDogeTests.swift in Sources */ = {isa = PBXBuildFile; fileRef = 76C46DB22C27F01D00749347 /* TicCatDogeTests.swift */; };
/* End PBXBuildFile section */

/* Begin PBXContainerItemProxy section */
		76C46DAF2C27F01D00749347 /* PBXContainerItemProxy */ = {
			isa = PBXContainerItemProxy;
			containerPortal = 76C46D8B2C27F01B00749347 /* Project object */;
			proxyType = 1;
			remoteGlobalIDString = 76C46D922C27F01B00749347;
			remoteInfo = TicCatDoge;
		};
/* End PBXContainerItemProxy section */

/* Begin PBXFileReference section */
		76C46D932C27F01B00749347 /* TicCatDoge.app */ = {isa = PBXFileReference; explicitFileType = wrapper.application; includeInIndex = 0; path = TicCatDoge.app; sourceTree = BUILT_PRODUCTS_DIR; };
		76C46D972C27F01B00749347 /* RealityKitContent */ = {isa = PBXFileReference; lastKnownFileType = wrapper; path = RealityKitContent; sourceTree = "<group>"; };
		76C46D9A2C27F01B00749347 /* TicCatDogeApp.swift */ = {isa = PBXFileReference; lastKnownFileType = sourcecode.swift; path = TicCatDogeApp.swift; sourceTree = "<group>"; };
		76C46D9C2C27F01B00749347 /* ContentView.swift */ = {isa = PBXFileReference; lastKnownFileType = sourcecode.swift; path = ContentView.swift; sourceTree = "<group>"; };
		76C46D9E2C27F01B00749347 /* AppModel.swift */ = {isa = PBXFileReference; lastKnownFileType = sourcecode.swift; path = AppModel.swift; sourceTree = "<group>"; };
		76C46DA02C27F01B00749347 /* ToggleImmersiveSpaceButton.swift */ = {isa = PBXFileReference; lastKnownFileType = sourcecode.swift; path = ToggleImmersiveSpaceButton.swift; sourceTree = "<group>"; };
		76C46DA22C27F01B00749347 /* ImmersiveView.swift */ = {isa = PBXFileReference; lastKnownFileType = sourcecode.swift; path = ImmersiveView.swift; sourceTree = "<group>"; };
		76C46DA42C27F01D00749347 /* Assets.xcassets */ = {isa = PBXFileReference; lastKnownFileType = folder.assetcatalog; path = Assets.xcassets; sourceTree = "<group>"; };
		76C46DA72C27F01D00749347 /* Preview Assets.xcassets */ = {isa = PBXFileReference; lastKnownFileType = folder.assetcatalog; path = "Preview Assets.xcassets"; sourceTree = "<group>"; };
		76C46DA92C27F01D00749347 /* Info.plist */ = {isa = PBXFileReference; lastKnownFileType = text.plist.xml; path = Info.plist; sourceTree = "<group>"; };
		76C46DAE2C27F01D00749347 /* TicCatDogeTests.xctest */ = {isa = PBXFileReference; explicitFileType = wrapper.cfbundle; includeInIndex = 0; path = TicCatDogeTests.xctest; sourceTree = BUILT_PRODUCTS_DIR; };
		76C46DB22C27F01D00749347 /* TicCatDogeTests.swift */ = {isa = PBXFileReference; lastKnownFileType = sourcecode.swift; path = TicCatDogeTests.swift; sourceTree = "<group>"; };
/* End PBXFileReference section */

/* Begin PBXFrameworksBuildPhase section */
		76C46D902C27F01B00749347 /* Frameworks */ = {
			isa = PBXFrameworksBuildPhase;
			buildActionMask = 2147483647;
			files = (
				76C46D992C27F01B00749347 /* RealityKitContent in Frameworks */,
			);
			runOnlyForDeploymentPostprocessing = 0;
		};
		76C46DAB2C27F01D00749347 /* Frameworks */ = {
			isa = PBXFrameworksBuildPhase;
			buildActionMask = 2147483647;
			files = (
			);
			runOnlyForDeploymentPostprocessing = 0;
		};
/* End PBXFrameworksBuildPhase section */

/* Begin PBXGroup section */
		76C46D8A2C27F01B00749347 = {
			isa = PBXGroup;
			children = (
				76C46D952C27F01B00749347 /* TicCatDoge */,
				76C46D962C27F01B00749347 /* Packages */,
				76C46DB12C27F01D00749347 /* TicCatDogeTests */,
				76C46D942C27F01B00749347 /* Products */,
			);
			sourceTree = "<group>";
		};
		76C46D942C27F01B00749347 /* Products */ = {
			isa = PBXGroup;
			children = (
				76C46D932C27F01B00749347 /* TicCatDoge.app */,
				76C46DAE2C27F01D00749347 /* TicCatDogeTests.xctest */,
			);
			name = Products;
			sourceTree = "<group>";
		};
		76C46D952C27F01B00749347 /* TicCatDoge */ = {
			isa = PBXGroup;
			children = (
				76C46D9A2C27F01B00749347 /* TicCatDogeApp.swift */,
				76C46D9C2C27F01B00749347 /* ContentView.swift */,
				76C46D9E2C27F01B00749347 /* AppModel.swift */,
				76C46DA02C27F01B00749347 /* ToggleImmersiveSpaceButton.swift */,
				76C46DA22C27F01B00749347 /* ImmersiveView.swift */,
				76C46DA42C27F01D00749347 /* Assets.xcassets */,
				76C46DA92C27F01D00749347 /* Info.plist */,
				76C46DA62C27F01D00749347 /* Preview Content */,
			);
			path = TicCatDoge;
			sourceTree = "<group>";
		};
		76C46D962C27F01B00749347 /* Packages */ = {
			isa = PBXGroup;
			children = (
				76C46D972C27F01B00749347 /* RealityKitContent */,
			);
			path = Packages;
			sourceTree = "<group>";
		};
		76C46DA62C27F01D00749347 /* Preview Content */ = {
			isa = PBXGroup;
			children = (
				76C46DA72C27F01D00749347 /* Preview Assets.xcassets */,
			);
			path = "Preview Content";
			sourceTree = "<group>";
		};
		76C46DB12C27F01D00749347 /* TicCatDogeTests */ = {
			isa = PBXGroup;
			children = (
				76C46DB22C27F01D00749347 /* TicCatDogeTests.swift */,
			);
			path = TicCatDogeTests;
			sourceTree = "<group>";
		};
/* End PBXGroup section */

/* Begin PBXNativeTarget section */
		76C46D922C27F01B00749347 /* TicCatDoge */ = {
			isa = PBXNativeTarget;
			buildConfigurationList = 76C46DB62C27F01D00749347 /* Build configuration list for PBXNativeTarget "TicCatDoge" */;
			buildPhases = (
				76C46D8F2C27F01B00749347 /* Sources */,
				76C46D902C27F01B00749347 /* Frameworks */,
				76C46D912C27F01B00749347 /* Resources */,
			);
			buildRules = (
			);
			dependencies = (
			);
			name = TicCatDoge;
			packageProductDependencies = (
				76C46D982C27F01B00749347 /* RealityKitContent */,
			);
			productName = TicCatDoge;
			productReference = 76C46D932C27F01B00749347 /* TicCatDoge.app */;
			productType = "com.apple.product-type.application";
		};
		76C46DAD2C27F01D00749347 /* TicCatDogeTests */ = {
			isa = PBXNativeTarget;
			buildConfigurationList = 76C46DB92C27F01D00749347 /* Build configuration list for PBXNativeTarget "TicCatDogeTests" */;
			buildPhases = (
				76C46DAA2C27F01D00749347 /* Sources */,
				76C46DAB2C27F01D00749347 /* Frameworks */,
				76C46DAC2C27F01D00749347 /* Resources */,
			);
			buildRules = (
			);
			dependencies = (
				76C46DB02C27F01D00749347 /* PBXTargetDependency */,
			);
			name = TicCatDogeTests;
			productName = TicCatDogeTests;
			productReference = 76C46DAE2C27F01D00749347 /* TicCatDogeTests.xctest */;
			productType = "com.apple.product-type.bundle.unit-test";
		};
/* End PBXNativeTarget section */

/* Begin PBXProject section */
		76C46D8B2C27F01B00749347 /* Project object */ = {
			isa = PBXProject;
			attributes = {
				BuildIndependentTargetsInParallel = 1;
				LastSwiftUpdateCheck = 1600;
				LastUpgradeCheck = 1600;
				TargetAttributes = {
					76C46D922C27F01B00749347 = {
						CreatedOnToolsVersion = 16.0;
					};
					76C46DAD2C27F01D00749347 = {
						CreatedOnToolsVersion = 16.0;
						TestTargetID = 76C46D922C27F01B00749347;
					};
				};
			};
			buildConfigurationList = 76C46D8E2C27F01B00749347 /* Build configuration list for PBXProject "TicCatDoge" */;
			compatibilityVersion = "Xcode 15.0";
			developmentRegion = en;
			hasScannedForEncodings = 0;
			knownRegions = (
				en,
				Base,
			);
			mainGroup = 76C46D8A2C27F01B00749347;
			productRefGroup = 76C46D942C27F01B00749347 /* Products */;
			projectDirPath = "";
			projectRoot = "";
			targets = (
				76C46D922C27F01B00749347 /* TicCatDoge */,
				76C46DAD2C27F01D00749347 /* TicCatDogeTests */,
			);
		};
/* End PBXProject section */

/* Begin PBXResourcesBuildPhase section */
		76C46D912C27F01B00749347 /* Resources */ = {
			isa = PBXResourcesBuildPhase;
			buildActionMask = 2147483647;
			files = (
				76C46DA82C27F01D00749347 /* Preview Assets.xcassets in Resources */,
				76C46DA52C27F01D00749347 /* Assets.xcassets in Resources */,
			);
			runOnlyForDeploymentPostprocessing = 0;
		};
		76C46DAC2C27F01D00749347 /* Resources */ = {
			isa = PBXResourcesBuildPhase;
			buildActionMask = 2147483647;
			files = (
			);
			runOnlyForDeploymentPostprocessing = 0;
		};
/* End PBXResourcesBuildPhase section */

/* Begin PBXSourcesBuildPhase section */
		76C46D8F2C27F01B00749347 /* Sources */ = {
			isa = PBXSourcesBuildPhase;
			buildActionMask = 2147483647;
			files = (
				76C46DA12C27F01B00749347 /* ToggleImmersiveSpaceButton.swift in Sources */,
				76C46D9D2C27F01B00749347 /* ContentView.swift in Sources */,
				76C46DA32C27F01B00749347 /* ImmersiveView.swift in Sources */,
				76C46D9F2C27F01B00749347 /* AppModel.swift in Sources */,
				76C46D9B2C27F01B00749347 /* TicCatDogeApp.swift in Sources */,
			);
			runOnlyForDeploymentPostprocessing = 0;
		};
		76C46DAA2C27F01D00749347 /* Sources */ = {
			isa = PBXSourcesBuildPhase;
			buildActionMask = 2147483647;
			files = (
				76C46DB32C27F01D00749347 /* TicCatDogeTests.swift in Sources */,
			);
			runOnlyForDeploymentPostprocessing = 0;
		};
/* End PBXSourcesBuildPhase section */

/* Begin PBXTargetDependency section */
		76C46DB02C27F01D00749347 /* PBXTargetDependency */ = {
			isa = PBXTargetDependency;
			target = 76C46D922C27F01B00749347 /* TicCatDoge */;
			targetProxy = 76C46DAF2C27F01D00749347 /* PBXContainerItemProxy */;
		};
/* End PBXTargetDependency section */

/* Begin XCBuildConfiguration section */
		76C46DB42C27F01D00749347 /* Debug */ = {
			isa = XCBuildConfiguration;
			buildSettings = {
				ALWAYS_SEARCH_USER_PATHS = NO;
				ASSETCATALOG_COMPILER_GENERATE_SWIFT_ASSET_SYMBOL_EXTENSIONS = YES;
				CLANG_ANALYZER_NONNULL = YES;
				CLANG_ANALYZER_NUMBER_OBJECT_CONVERSION = YES_AGGRESSIVE;
				CLANG_CXX_LANGUAGE_STANDARD = "gnu++20";
				CLANG_ENABLE_MODULES = YES;
				CLANG_ENABLE_OBJC_ARC = YES;
				CLANG_ENABLE_OBJC_WEAK = YES;
				CLANG_WARN_BLOCK_CAPTURE_AUTORELEASING = YES;
				CLANG_WARN_BOOL_CONVERSION = YES;
				CLANG_WARN_COMMA = YES;
				CLANG_WARN_CONSTANT_CONVERSION = YES;
				CLANG_WARN_DEPRECATED_OBJC_IMPLEMENTATIONS = YES;
				CLANG_WARN_DIRECT_OBJC_ISA_USAGE = YES_ERROR;
				CLANG_WARN_DOCUMENTATION_COMMENTS = YES;
				CLANG_WARN_EMPTY_BODY = YES;
				CLANG_WARN_ENUM_CONVERSION = YES;
				CLANG_WARN_INFINITE_RECURSION = YES;
				CLANG_WARN_INT_CONVERSION = YES;
				CLANG_WARN_NON_LITERAL_NULL_CONVERSION = YES;
				CLANG_WARN_OBJC_IMPLICIT_RETAIN_SELF = YES;
				CLANG_WARN_OBJC_LITERAL_CONVERSION = YES;
				CLANG_WARN_OBJC_ROOT_CLASS = YES_ERROR;
				CLANG_WARN_QUOTED_INCLUDE_IN_FRAMEWORK_HEADER = YES;
				CLANG_WARN_RANGE_LOOP_ANALYSIS = YES;
				CLANG_WARN_STRICT_PROTOTYPES = YES;
				CLANG_WARN_SUSPICIOUS_MOVE = YES;
				CLANG_WARN_UNGUARDED_AVAILABILITY = YES_AGGRESSIVE;
				CLANG_WARN_UNREACHABLE_CODE = YES;
				CLANG_WARN__DUPLICATE_METHOD_MATCH = YES;
				COPY_PHASE_STRIP = NO;
				DEBUG_INFORMATION_FORMAT = dwarf;
				ENABLE_STRICT_OBJC_MSGSEND = YES;
				ENABLE_TESTABILITY = YES;
				ENABLE_USER_SCRIPT_SANDBOXING = YES;
				GCC_C_LANGUAGE_STANDARD = gnu17;
				GCC_DYNAMIC_NO_PIC = NO;
				GCC_NO_COMMON_BLOCKS = YES;
				GCC_OPTIMIZATION_LEVEL = 0;
				GCC_PREPROCESSOR_DEFINITIONS = (
					"DEBUG=1",
					"$(inherited)",
				);
				GCC_WARN_64_TO_32_BIT_CONVERSION = YES;
				GCC_WARN_ABOUT_RETURN_TYPE = YES_ERROR;
				GCC_WARN_UNDECLARED_SELECTOR = YES;
				GCC_WARN_UNINITIALIZED_AUTOS = YES_AGGRESSIVE;
				GCC_WARN_UNUSED_FUNCTION = YES;
				GCC_WARN_UNUSED_VARIABLE = YES;
				LOCALIZATION_PREFERS_STRING_CATALOGS = YES;
				MTL_ENABLE_DEBUG_INFO = INCLUDE_SOURCE;
				MTL_FAST_MATH = YES;
				ONLY_ACTIVE_ARCH = YES;
				SDKROOT = xros;
				SWIFT_ACTIVE_COMPILATION_CONDITIONS = "DEBUG $(inherited)";
				SWIFT_OPTIMIZATION_LEVEL = "-Onone";
				XROS_DEPLOYMENT_TARGET = 2.0;
			};
			name = Debug;
		};
		76C46DB52C27F01D00749347 /* Release */ = {
			isa = XCBuildConfiguration;
			buildSettings = {
				ALWAYS_SEARCH_USER_PATHS = NO;
				ASSETCATALOG_COMPILER_GENERATE_SWIFT_ASSET_SYMBOL_EXTENSIONS = YES;
				CLANG_ANALYZER_NONNULL = YES;
				CLANG_ANALYZER_NUMBER_OBJECT_CONVERSION = YES_AGGRESSIVE;
				CLANG_CXX_LANGUAGE_STANDARD = "gnu++20";
				CLANG_ENABLE_MODULES = YES;
				CLANG_ENABLE_OBJC_ARC = YES;
				CLANG_ENABLE_OBJC_WEAK = YES;
				CLANG_WARN_BLOCK_CAPTURE_AUTORELEASING = YES;
				CLANG_WARN_BOOL_CONVERSION = YES;
				CLANG_WARN_COMMA = YES;
				CLANG_WARN_CONSTANT_CONVERSION = YES;
				CLANG_WARN_DEPRECATED_OBJC_IMPLEMENTATIONS = YES;
				CLANG_WARN_DIRECT_OBJC_ISA_USAGE = YES_ERROR;
				CLANG_WARN_DOCUMENTATION_COMMENTS = YES;
				CLANG_WARN_EMPTY_BODY = YES;
				CLANG_WARN_ENUM_CONVERSION = YES;
				CLANG_WARN_INFINITE_RECURSION = YES;
				CLANG_WARN_INT_CONVERSION = YES;
				CLANG_WARN_NON_LITERAL_NULL_CONVERSION = YES;
				CLANG_WARN_OBJC_IMPLICIT_RETAIN_SELF = YES;
				CLANG_WARN_OBJC_LITERAL_CONVERSION = YES;
				CLANG_WARN_OBJC_ROOT_CLASS = YES_ERROR;
				CLANG_WARN_QUOTED_INCLUDE_IN_FRAMEWORK_HEADER = YES;
				CLANG_WARN_RANGE_LOOP_ANALYSIS = YES;
				CLANG_WARN_STRICT_PROTOTYPES = YES;
				CLANG_WARN_SUSPICIOUS_MOVE = YES;
				CLANG_WARN_UNGUARDED_AVAILABILITY = YES_AGGRESSIVE;
				CLANG_WARN_UNREACHABLE_CODE = YES;
				CLANG_WARN__DUPLICATE_METHOD_MATCH = YES;
				COPY_PHASE_STRIP = NO;
				DEBUG_INFORMATION_FORMAT = "dwarf-with-dsym";
				ENABLE_NS_ASSERTIONS = NO;
				ENABLE_STRICT_OBJC_MSGSEND = YES;
				ENABLE_USER_SCRIPT_SANDBOXING = YES;
				GCC_C_LANGUAGE_STANDARD = gnu17;
				GCC_NO_COMMON_BLOCKS = YES;
				GCC_WARN_64_TO_32_BIT_CONVERSION = YES;
				GCC_WARN_ABOUT_RETURN_TYPE = YES_ERROR;
				GCC_WARN_UNDECLARED_SELECTOR = YES;
				GCC_WARN_UNINITIALIZED_AUTOS = YES_AGGRESSIVE;
				GCC_WARN_UNUSED_FUNCTION = YES;
				GCC_WARN_UNUSED_VARIABLE = YES;
				LOCALIZATION_PREFERS_STRING_CATALOGS = YES;
				MTL_ENABLE_DEBUG_INFO = NO;
				MTL_FAST_MATH = YES;
				SDKROOT = xros;
				SWIFT_COMPILATION_MODE = wholemodule;
				VALIDATE_PRODUCT = YES;
				XROS_DEPLOYMENT_TARGET = 2.0;
			};
			name = Release;
		};
		76C46DB72C27F01D00749347 /* Debug */ = {
			isa = XCBuildConfiguration;
			buildSettings = {
				ASSETCATALOG_COMPILER_APPICON_NAME = AppIcon;
				ASSETCATALOG_COMPILER_GLOBAL_ACCENT_COLOR_NAME = AccentColor;
				CODE_SIGN_STYLE = Automatic;
				CURRENT_PROJECT_VERSION = 1;
				DEVELOPMENT_ASSET_PATHS = "\"TicCatDoge/Preview Content\"";
				DEVELOPMENT_TEAM = QJJM36L883;
				ENABLE_PREVIEWS = YES;
				GENERATE_INFOPLIST_FILE = YES;
				INFOPLIST_FILE = "$(TARGET_NAME)/Info.plist";
				LD_RUNPATH_SEARCH_PATHS = (
					"$(inherited)",
					"@executable_path/Frameworks",
				);
				MARKETING_VERSION = 1.0;
				PRODUCT_BUNDLE_IDENTIFIER = teamfivethree.TicCatDoge;
				PRODUCT_NAME = "$(TARGET_NAME)";
				SUPPORTED_PLATFORMS = "xros xrsimulator";
				SWIFT_EMIT_LOC_STRINGS = YES;
				SWIFT_VERSION = 5.0;
				TARGETED_DEVICE_FAMILY = 7;
			};
			name = Debug;
		};
		76C46DB82C27F01D00749347 /* Release */ = {
			isa = XCBuildConfiguration;
			buildSettings = {
				ASSETCATALOG_COMPILER_APPICON_NAME = AppIcon;
				ASSETCATALOG_COMPILER_GLOBAL_ACCENT_COLOR_NAME = AccentColor;
				CODE_SIGN_STYLE = Automatic;
				CURRENT_PROJECT_VERSION = 1;
				DEVELOPMENT_ASSET_PATHS = "\"TicCatDoge/Preview Content\"";
				DEVELOPMENT_TEAM = QJJM36L883;
				ENABLE_PREVIEWS = YES;
				GENERATE_INFOPLIST_FILE = YES;
				INFOPLIST_FILE = "$(TARGET_NAME)/Info.plist";
				LD_RUNPATH_SEARCH_PATHS = (
					"$(inherited)",
					"@executable_path/Frameworks",
				);
				MARKETING_VERSION = 1.0;
				PRODUCT_BUNDLE_IDENTIFIER = teamfivethree.TicCatDoge;
				PRODUCT_NAME = "$(TARGET_NAME)";
				SUPPORTED_PLATFORMS = "xros xrsimulator";
				SWIFT_EMIT_LOC_STRINGS = YES;
				SWIFT_VERSION = 5.0;
				TARGETED_DEVICE_FAMILY = 7;
			};
			name = Release;
		};
		76C46DBA2C27F01D00749347 /* Debug */ = {
			isa = XCBuildConfiguration;
			buildSettings = {
				BUNDLE_LOADER = "$(TEST_HOST)";
				CODE_SIGN_STYLE = Automatic;
				CURRENT_PROJECT_VERSION = 1;
				DEVELOPMENT_TEAM = QJJM36L883;
				GENERATE_INFOPLIST_FILE = YES;
				MARKETING_VERSION = 1.0;
				PRODUCT_BUNDLE_IDENTIFIER = teamfivethree.TicCatDogeTests;
				PRODUCT_NAME = "$(TARGET_NAME)";
				SUPPORTED_PLATFORMS = "xros xrsimulator";
				SWIFT_EMIT_LOC_STRINGS = NO;
				SWIFT_VERSION = 5.0;
				TARGETED_DEVICE_FAMILY = 7;
				TEST_HOST = "$(BUILT_PRODUCTS_DIR)/TicCatDoge.app/$(BUNDLE_EXECUTABLE_FOLDER_PATH)/TicCatDoge";
				XROS_DEPLOYMENT_TARGET = 2.0;
			};
			name = Debug;
		};
		76C46DBB2C27F01D00749347 /* Release */ = {
			isa = XCBuildConfiguration;
			buildSettings = {
				BUNDLE_LOADER = "$(TEST_HOST)";
				CODE_SIGN_STYLE = Automatic;
				CURRENT_PROJECT_VERSION = 1;
				DEVELOPMENT_TEAM = QJJM36L883;
				GENERATE_INFOPLIST_FILE = YES;
				MARKETING_VERSION = 1.0;
				PRODUCT_BUNDLE_IDENTIFIER = teamfivethree.TicCatDogeTests;
				PRODUCT_NAME = "$(TARGET_NAME)";
				SUPPORTED_PLATFORMS = "xros xrsimulator";
				SWIFT_EMIT_LOC_STRINGS = NO;
				SWIFT_VERSION = 5.0;
				TARGETED_DEVICE_FAMILY = 7;
				TEST_HOST = "$(BUILT_PRODUCTS_DIR)/TicCatDoge.app/$(BUNDLE_EXECUTABLE_FOLDER_PATH)/TicCatDoge";
				XROS_DEPLOYMENT_TARGET = 2.0;
			};
			name = Release;
		};
/* End XCBuildConfiguration section */

/* Begin XCConfigurationList section */
		76C46D8E2C27F01B00749347 /* Build configuration list for PBXProject "TicCatDoge" */ = {
			isa = XCConfigurationList;
			buildConfigurations = (
				76C46DB42C27F01D00749347 /* Debug */,
				76C46DB52C27F01D00749347 /* Release */,
			);
			defaultConfigurationIsVisible = 0;
			defaultConfigurationName = Release;
		};
		76C46DB62C27F01D00749347 /* Build configuration list for PBXNativeTarget "TicCatDoge" */ = {
			isa = XCConfigurationList;
			buildConfigurations = (
				76C46DB72C27F01D00749347 /* Debug */,
				76C46DB82C27F01D00749347 /* Release */,
			);
			defaultConfigurationIsVisible = 0;
			defaultConfigurationName = Release;
		};
		76C46DB92C27F01D00749347 /* Build configuration list for PBXNativeTarget "TicCatDogeTests" */ = {
			isa = XCConfigurationList;
			buildConfigurations = (
				76C46DBA2C27F01D00749347 /* Debug */,
				76C46DBB2C27F01D00749347 /* Release */,
			);
			defaultConfigurationIsVisible = 0;
			defaultConfigurationName = Release;
		};
/* End XCConfigurationList section */

/* Begin XCSwiftPackageProductDependency section */
		76C46D982C27F01B00749347 /* RealityKitContent */ = {
			isa = XCSwiftPackageProductDependency;
			productName = RealityKitContent;
		};
/* End XCSwiftPackageProductDependency section */
	};
	rootObject = 76C46D8B2C27F01B00749347 /* Project object */;
}
